// !$*UTF8*$!
{
	archiveVersion = 1;
	classes = {
	};
	objectVersion = 50;
	objects = {

/* Begin PBXBuildFile section */
		07B7D21F23EB09A0001BEAE1 /* main.cpp in Sources */ = {isa = PBXBuildFile; fileRef = 07B7D21E23EB09A0001BEAE1 /* main.cpp */; };
		07B7D22723EB0BA4001BEAE1 /* dynfunctions.cpp in Sources */ = {isa = PBXBuildFile; fileRef = 07B7D22523EB0BA4001BEAE1 /* dynfunctions.cpp */; };
		07B7D22A23EB0BB3001BEAE1 /* simplesong.cpp in Sources */ = {isa = PBXBuildFile; fileRef = 07B7D22823EB0BB3001BEAE1 /* simplesong.cpp */; };
/* End PBXBuildFile section */

/* Begin PBXCopyFilesBuildPhase section */
		07B7D21923EB09A0001BEAE1 /* CopyFiles */ = {
			isa = PBXCopyFilesBuildPhase;
			buildActionMask = 2147483647;
			dstPath = /usr/share/man/man1/;
			dstSubfolderSpec = 0;
			files = (
			);
			runOnlyForDeploymentPostprocessing = 1;
		};
/* End PBXCopyFilesBuildPhase section */

/* Begin PBXFileReference section */
		07B7D21B23EB09A0001BEAE1 /* Dynamic Memory Allocation */ = {isa = PBXFileReference; explicitFileType = "compiled.mach-o.executable"; includeInIndex = 0; path = "Dynamic Memory Allocation"; sourceTree = BUILT_PRODUCTS_DIR; };
		07B7D21E23EB09A0001BEAE1 /* main.cpp */ = {isa = PBXFileReference; lastKnownFileType = sourcecode.cpp.cpp; path = main.cpp; sourceTree = "<group>"; };
		07B7D22523EB0BA4001BEAE1 /* dynfunctions.cpp */ = {isa = PBXFileReference; lastKnownFileType = sourcecode.cpp.cpp; path = dynfunctions.cpp; sourceTree = "<group>"; };
		07B7D22623EB0BA4001BEAE1 /* dynfunctions.h */ = {isa = PBXFileReference; lastKnownFileType = sourcecode.c.h; path = dynfunctions.h; sourceTree = "<group>"; };
		07B7D22823EB0BB3001BEAE1 /* simplesong.cpp */ = {isa = PBXFileReference; lastKnownFileType = sourcecode.cpp.cpp; path = simplesong.cpp; sourceTree = "<group>"; };
		07B7D22923EB0BB3001BEAE1 /* simplesong.h */ = {isa = PBXFileReference; lastKnownFileType = sourcecode.c.h; path = simplesong.h; sourceTree = "<group>"; };
/* End PBXFileReference section */

/* Begin PBXFrameworksBuildPhase section */
		07B7D21823EB09A0001BEAE1 /* Frameworks */ = {
			isa = PBXFrameworksBuildPhase;
			buildActionMask = 2147483647;
			files = (
			);
			runOnlyForDeploymentPostprocessing = 0;
		};
/* End PBXFrameworksBuildPhase section */

/* Begin PBXGroup section */
		07B7D21223EB09A0001BEAE1 = {
			isa = PBXGroup;
			children = (
				07B7D21D23EB09A0001BEAE1 /* Dynamic Memory Allocation */,
				07B7D21C23EB09A0001BEAE1 /* Products */,
			);
			sourceTree = "<group>";
		};
		07B7D21C23EB09A0001BEAE1 /* Products */ = {
			isa = PBXGroup;
			children = (
				07B7D21B23EB09A0001BEAE1 /* Dynamic Memory Allocation */,
			);
			name = Products;
			sourceTree = "<group>";
		};
		07B7D21D23EB09A0001BEAE1 /* Dynamic Memory Allocation */ = {
			isa = PBXGroup;
			children = (
				07B7D21E23EB09A0001BEAE1 /* main.cpp */,
				07B7D22523EB0BA4001BEAE1 /* dynfunctions.cpp */,
				07B7D22623EB0BA4001BEAE1 /* dynfunctions.h */,
				07B7D22823EB0BB3001BEAE1 /* simplesong.cpp */,
				07B7D22923EB0BB3001BEAE1 /* simplesong.h */,
			);
			path = "Dynamic Memory Allocation";
			sourceTree = "<group>";
		};
/* End PBXGroup section */

/* Begin PBXNativeTarget section */
		07B7D21A23EB09A0001BEAE1 /* Dynamic Memory Allocation */ = {
			isa = PBXNativeTarget;
			buildConfigurationList = 07B7D22223EB09A0001BEAE1 /* Build configuration list for PBXNativeTarget "Dynamic Memory Allocation" */;
			buildPhases = (
				07B7D21723EB09A0001BEAE1 /* Sources */,
				07B7D21823EB09A0001BEAE1 /* Frameworks */,
				07B7D21923EB09A0001BEAE1 /* CopyFiles */,
			);
			buildRules = (
			);
			dependencies = (
			);
			name = "Dynamic Memory Allocation";
			productName = "Dynamic Memory Allocation";
			productReference = 07B7D21B23EB09A0001BEAE1 /* Dynamic Memory Allocation */;
			productType = "com.apple.product-type.tool";
		};
/* End PBXNativeTarget section */

/* Begin PBXProject section */
		07B7D21323EB09A0001BEAE1 /* Project object */ = {
			isa = PBXProject;
			attributes = {
				LastUpgradeCheck = 1130;
				ORGANIZATIONNAME = "Ben Roberts";
				TargetAttributes = {
					07B7D21A23EB09A0001BEAE1 = {
						CreatedOnToolsVersion = 11.3.1;
					};
				};
			};
			buildConfigurationList = 07B7D21623EB09A0001BEAE1 /* Build configuration list for PBXProject "Dynamic Memory Allocation" */;
			compatibilityVersion = "Xcode 9.3";
			developmentRegion = en;
			hasScannedForEncodings = 0;
			knownRegions = (
				en,
				Base,
			);
			mainGroup = 07B7D21223EB09A0001BEAE1;
			productRefGroup = 07B7D21C23EB09A0001BEAE1 /* Products */;
			projectDirPath = "";
			projectRoot = "";
			targets = (
				07B7D21A23EB09A0001BEAE1 /* Dynamic Memory Allocation */,
			);
		};
/* End PBXProject section */

/* Begin PBXSourcesBuildPhase section */
		07B7D21723EB09A0001BEAE1 /* Sources */ = {
			isa = PBXSourcesBuildPhase;
			buildActionMask = 2147483647;
			files = (
				07B7D21F23EB09A0001BEAE1 /* main.cpp in Sources */,
				07B7D22723EB0BA4001BEAE1 /* dynfunctions.cpp in Sources */,
				07B7D22A23EB0BB3001BEAE1 /* simplesong.cpp in Sources */,
			);
			runOnlyForDeploymentPostprocessing = 0;
		};
/* End PBXSourcesBuildPhase section */

/* Begin XCBuildConfiguration section */
		07B7D22023EB09A0001BEAE1 /* Debug */ = {
			isa = XCBuildConfiguration;
			buildSettings = {
				ALWAYS_SEARCH_USER_PATHS = NO;
				CLANG_ANALYZER_NONNULL = YES;
				CLANG_ANALYZER_NUMBER_OBJECT_CONVERSION = YES_AGGRESSIVE;
				CLANG_CXX_LANGUAGE_STANDARD = "gnu++14";
				CLANG_CXX_LIBRARY = "libc++";
				CLANG_ENABLE_MODULES = YES;
				CLANG_ENABLE_OBJC_ARC = YES;
				CLANG_ENABLE_OBJC_WEAK = YES;
				CLANG_WARN_BLOCK_CAPTURE_AUTORELEASING = YES;
				CLANG_WARN_BOOL_CONVERSION = YES;
				CLANG_WARN_COMMA = YES;
				CLANG_WARN_CONSTANT_CONVERSION = YES;
				CLANG_WARN_DEPRECATED_OBJC_IMPLEMENTATIONS = YES;
				CLANG_WARN_DIRECT_OBJC_ISA_USAGE = YES_ERROR;
				CLANG_WARN_DOCUMENTATION_COMMENTS = YES;
				CLANG_WARN_EMPTY_BODY = YES;
				CLANG_WARN_ENUM_CONVERSION = YES;
				CLANG_WARN_INFINITE_RECURSION = YES;
				CLANG_WARN_INT_CONVERSION = YES;
				CLANG_WARN_NON_LITERAL_NULL_CONVERSION = YES;
				CLANG_WARN_OBJC_IMPLICIT_RETAIN_SELF = YES;
				CLANG_WARN_OBJC_LITERAL_CONVERSION = YES;
				CLANG_WARN_OBJC_ROOT_CLASS = YES_ERROR;
				CLANG_WARN_RANGE_LOOP_ANALYSIS = YES;
				CLANG_WARN_STRICT_PROTOTYPES = YES;
				CLANG_WARN_SUSPICIOUS_MOVE = YES;
				CLANG_WARN_UNGUARDED_AVAILABILITY = YES_AGGRESSIVE;
				CLANG_WARN_UNREACHABLE_CODE = YES;
				CLANG_WARN__DUPLICATE_METHOD_MATCH = YES;
				COPY_PHASE_STRIP = NO;
				DEBUG_INFORMATION_FORMAT = dwarf;
				ENABLE_STRICT_OBJC_MSGSEND = YES;
				ENABLE_TESTABILITY = YES;
				GCC_C_LANGUAGE_STANDARD = gnu11;
				GCC_DYNAMIC_NO_PIC = NO;
				GCC_NO_COMMON_BLOCKS = YES;
				GCC_OPTIMIZATION_LEVEL = 0;
				GCC_PREPROCESSOR_DEFINITIONS = (
					"DEBUG=1",
					"$(inherited)",
				);
				GCC_WARN_64_TO_32_BIT_CONVERSION = YES;
				GCC_WARN_ABOUT_RETURN_TYPE = YES_ERROR;
				GCC_WARN_UNDECLARED_SELECTOR = YES;
				GCC_WARN_UNINITIALIZED_AUTOS = YES_AGGRESSIVE;
				GCC_WARN_UNUSED_FUNCTION = YES;
				GCC_WARN_UNUSED_VARIABLE = YES;
				MACOSX_DEPLOYMENT_TARGET = 10.15;
				MTL_ENABLE_DEBUG_INFO = INCLUDE_SOURCE;
				MTL_FAST_MATH = YES;
				ONLY_ACTIVE_ARCH = YES;
				SDKROOT = macosx;
			};
			name = Debug;
		};
		07B7D22123EB09A0001BEAE1 /* Release */ = {
			isa = XCBuildConfiguration;
			buildSettings = {
				ALWAYS_SEARCH_USER_PATHS = NO;
				CLANG_ANALYZER_NONNULL = YES;
				CLANG_ANALYZER_NUMBER_OBJECT_CONVERSION = YES_AGGRESSIVE;
				CLANG_CXX_LANGUAGE_STANDARD = "gnu++14";
				CLANG_CXX_LIBRARY = "libc++";
				CLANG_ENABLE_MODULES = YES;
				CLANG_ENABLE_OBJC_ARC = YES;
				CLANG_ENABLE_OBJC_WEAK = YES;
				CLANG_WARN_BLOCK_CAPTURE_AUTORELEASING = YES;
				CLANG_WARN_BOOL_CONVERSION = YES;
				CLANG_WARN_COMMA = YES;
				CLANG_WARN_CONSTANT_CONVERSION = YES;
				CLANG_WARN_DEPRECATED_OBJC_IMPLEMENTATIONS = YES;
				CLANG_WARN_DIRECT_OBJC_ISA_USAGE = YES_ERROR;
				CLANG_WARN_DOCUMENTATION_COMMENTS = YES;
				CLANG_WARN_EMPTY_BODY = YES;
				CLANG_WARN_ENUM_CONVERSION = YES;
				CLANG_WARN_INFINITE_RECURSION = YES;
				CLANG_WARN_INT_CONVERSION = YES;
				CLANG_WARN_NON_LITERAL_NULL_CONVERSION = YES;
				CLANG_WARN_OBJC_IMPLICIT_RETAIN_SELF = YES;
				CLANG_WARN_OBJC_LITERAL_CONVERSION = YES;
				CLANG_WARN_OBJC_ROOT_CLASS = YES_ERROR;
				CLANG_WARN_RANGE_LOOP_ANALYSIS = YES;
				CLANG_WARN_STRICT_PROTOTYPES = YES;
				CLANG_WARN_SUSPICIOUS_MOVE = YES;
				CLANG_WARN_UNGUARDED_AVAILABILITY = YES_AGGRESSIVE;
				CLANG_WARN_UNREACHABLE_CODE = YES;
				CLANG_WARN__DUPLICATE_METHOD_MATCH = YES;
				COPY_PHASE_STRIP = NO;
				DEBUG_INFORMATION_FORMAT = "dwarf-with-dsym";
				ENABLE_NS_ASSERTIONS = NO;
				ENABLE_STRICT_OBJC_MSGSEND = YES;
				GCC_C_LANGUAGE_STANDARD = gnu11;
				GCC_NO_COMMON_BLOCKS = YES;
				GCC_WARN_64_TO_32_BIT_CONVERSION = YES;
				GCC_WARN_ABOUT_RETURN_TYPE = YES_ERROR;
				GCC_WARN_UNDECLARED_SELECTOR = YES;
				GCC_WARN_UNINITIALIZED_AUTOS = YES_AGGRESSIVE;
				GCC_WARN_UNUSED_FUNCTION = YES;
				GCC_WARN_UNUSED_VARIABLE = YES;
				MACOSX_DEPLOYMENT_TARGET = 10.15;
				MTL_ENABLE_DEBUG_INFO = NO;
				MTL_FAST_MATH = YES;
				SDKROOT = macosx;
			};
			name = Release;
		};
		07B7D22323EB09A0001BEAE1 /* Debug */ = {
			isa = XCBuildConfiguration;
			buildSettings = {
				CODE_SIGN_STYLE = Automatic;
				PRODUCT_NAME = "$(TARGET_NAME)";
			};
			name = Debug;
		};
		07B7D22423EB09A0001BEAE1 /* Release */ = {
			isa = XCBuildConfiguration;
			buildSettings = {
				CODE_SIGN_STYLE = Automatic;
				PRODUCT_NAME = "$(TARGET_NAME)";
			};
			name = Release;
		};
/* End XCBuildConfiguration section */

/* Begin XCConfigurationList section */
		07B7D21623EB09A0001BEAE1 /* Build configuration list for PBXProject "Dynamic Memory Allocation" */ = {
			isa = XCConfigurationList;
			buildConfigurations = (
				07B7D22023EB09A0001BEAE1 /* Debug */,
				07B7D22123EB09A0001BEAE1 /* Release */,
			);
			defaultConfigurationIsVisible = 0;
			defaultConfigurationName = Release;
		};
		07B7D22223EB09A0001BEAE1 /* Build configuration list for PBXNativeTarget "Dynamic Memory Allocation" */ = {
			isa = XCConfigurationList;
			buildConfigurations = (
				07B7D22323EB09A0001BEAE1 /* Debug */,
				07B7D22423EB09A0001BEAE1 /* Release */,
			);
			defaultConfigurationIsVisible = 0;
			defaultConfigurationName = Release;
		};
/* End XCConfigurationList section */
	};
	rootObject = 07B7D21323EB09A0001BEAE1 /* Project object */;
}
